{
  "version": 4,
  "terraform_version": "1.14.8",
  "serial": 112,
  "lineage": "0fe565d3-3047-8ffb-0b1e-7655f9cfbf6d",
  "outputs": {
    "bastion_ip": {
      "value": "3.208.105.12",
      "type": "string"
    },
    "node_ips": {
      "value": [
        "10.0.0.118",
        "10.0.1.40",
        "10.0.2.76"
      ],
      "type": [
        "tuple",
        [
          "string",
          "string",
          "string"
        ]
      ]
    }
  },
  "resources": [
    {
      "mode": "data",
      "type": "aws_caller_identity",
      "name": "current",
      "provider": "provider[\"registry.terraform.io/hashicorp/aws\"]",
      "instances": [
        {
          "schema_version": 0,
          "attributes": {
            "account_id": "540799520398",
            "arn": "arn:aws:iam::540799520398:user/terraform-admin",
            "id": "540799520398",
            "user_id": "AIDAX32RJZ2HGCPTY2GRU"
          },
          "sensitive_attributes": [],
          "identity_schema_version": 0
        }
      ]
    },
    {
      "mode": "managed",
      "type": "aws_eip",
      "name": "bastion",
      "provider": "provider[\"registry.terraform.io/hashicorp/aws\"]",
      "instances": [
        {
          "schema_version": 0,
          "attributes": {
            "address": null,
            "allocation_id": "eipalloc-002ba09fe59208472",
            "arn": "arn:aws:ec2:us-east-1:540799520398:elastic-ip/eipalloc-002ba09fe59208472",
            "associate_with_private_ip": null,
            "association_id": "eipassoc-03941f77b8bcf899c",
            "carrier_ip": "",
            "customer_owned_ip": "",
            "customer_owned_ipv4_pool": "",
            "domain": "vpc",
            "id": "eipalloc-002ba09fe59208472",
            "instance": "i-091903d448582c865",
            "ipam_pool_id": null,
            "network_border_group": "us-east-1",
            "network_interface": "eni-06e642ef3c25360a4",
            "private_dns": "ip-10-0-100-109.ec2.internal",
            "private_ip": "10.0.100.109",
            "ptr_record": "",
            "public_dns": "ec2-3-208-105-12.compute-1.amazonaws.com",
            "public_ip": "3.208.105.12",
            "public_ipv4_pool": "amazon",
            "tags": null,
            "tags_all": {},
            "timeouts": null,
            "vpc": true
          },
          "sensitive_attributes": [],
          "identity_schema_version": 0,
          "private": "eyJlMmJmYjczMC1lY2FhLTExZTYtOGY4OC0zNDM2M2JjN2M0YzAiOnsiZGVsZXRlIjoxODAwMDAwMDAwMDAsInJlYWQiOjkwMDAwMDAwMDAwMCwidXBkYXRlIjozMDAwMDAwMDAwMDB9fQ==",
          "dependencies": [
            "aws_instance.bastion",
            "aws_key_pair.ameyaDB",
            "aws_security_group.db_nodes",
            "aws_subnet.public",
            "aws_vpc.geochron"
          ]
        }
      ]
    },
    {
      "mode": "managed",
      "type": "aws_eip",
      "name": "nat",
      "provider": "provider[\"registry.terraform.io/hashicorp/aws\"]",
      "instances": [
        {
          "schema_version": 0,
          "attributes": {
            "address": null,
            "allocation_id": "eipalloc-0dcd970b1e66f65a7",
            "arn": "arn:aws:ec2:us-east-1:540799520398:elastic-ip/eipalloc-0dcd970b1e66f65a7",
            "associate_with_private_ip": null,
            "association_id": "",
            "carrier_ip": "",
            "customer_owned_ip": "",
            "customer_owned_ipv4_pool": "",
            "domain": "vpc",
            "id": "eipalloc-0dcd970b1e66f65a7",
            "instance": "",
            "ipam_pool_id": null,
            "network_border_group": "us-east-1",
            "network_interface": "",
            "private_dns": null,
            "private_ip": "",
            "ptr_record": "",
            "public_dns": "ec2-18-234-193-41.compute-1.amazonaws.com",
            "public_ip": "18.234.193.41",
            "public_ipv4_pool": "amazon",
            "tags": {},
            "tags_all": {},
            "timeouts": null,
            "vpc": true
          },
          "sensitive_attributes": [],
          "identity_schema_version": 0,
          "private": "eyJlMmJmYjczMC1lY2FhLTExZTYtOGY4OC0zNDM2M2JjN2M0YzAiOnsiZGVsZXRlIjoxODAwMDAwMDAwMDAsInJlYWQiOjkwMDAwMDAwMDAwMCwidXBkYXRlIjozMDAwMDAwMDAwMDB9fQ=="
        }
      ]
    },
    {
      "mode": "managed",
      "type": "aws_iam_instance_profile",
      "name": "db_node",
      "provider": "provider[\"registry.terraform.io/hashicorp/aws\"]",
      "instances": [
        {
          "schema_version": 0,
          "attributes": {
            "arn": "arn:aws:iam::540799520398:instance-profile/ameyaDB-node-profile",
            "create_date": "2026-04-13T22:22:51Z",
            "id": "ameyaDB-node-profile",
            "name": "ameyaDB-node-profile",
            "name_prefix": "",
            "path": "/",
            "role": "ameyaDB-node-role",
            "tags": {},
            "tags_all": {},
            "unique_id": "AIPAX32RJZ2HEQEJJKHNO"
          },
          "sensitive_attributes": [],
          "identity_schema_version": 0,
          "private": "bnVsbA==",
          "dependencies": [
            "aws_iam_role.db_node"
          ]
        }
      ]
    },
    {
      "mode": "managed",
      "type": "aws_iam_role",
      "name": "db_node",
      "provider": "provider[\"registry.terraform.io/hashicorp/aws\"]",
      "instances": [
        {
          "schema_version": 0,
          "attributes": {
            "arn": "arn:aws:iam::540799520398:role/ameyaDB-node-role",
            "assume_role_policy": "{\"Statement\":[{\"Action\":\"sts:AssumeRole\",\"Effect\":\"Allow\",\"Principal\":{\"Service\":\"ec2.amazonaws.com\"}}],\"Version\":\"2012-10-17\"}",
            "create_date": "2026-04-13T22:22:51Z",
            "description": "",
            "force_detach_policies": false,
            "id": "ameyaDB-node-role",
            "inline_policy": [],
            "managed_policy_arns": [
              "arn:aws:iam::aws:policy/AmazonS3FullAccess",
              "arn:aws:iam::aws:policy/AmazonSQSFullAccess"
            ],
            "max_session_duration": 3600,
            "name": "ameyaDB-node-role",
            "name_prefix": "",
            "path": "/",
            "permissions_boundary": "",
            "tags": {},
            "tags_all": {},
            "unique_id": "AROAX32RJZ2HH47J4S6YD"
          },
          "sensitive_attributes": [],
          "identity_schema_version": 0,
          "private": "bnVsbA=="
        }
      ]
    },
    {
      "mode": "managed",
      "type": "aws_iam_role_policy_attachment",
      "name": "s3_access",
      "provider": "provider[\"registry.terraform.io/hashicorp/aws\"]",
      "instances": [
        {
          "schema_version": 0,
          "attributes": {
            "id": "ameyaDB-node-role-20260413222251808200000001",
            "policy_arn": "arn:aws:iam::aws:policy/AmazonS3FullAccess",
            "role": "ameyaDB-node-role"
          },
          "sensitive_attributes": [],
          "identity_schema_version": 0,
          "private": "bnVsbA==",
          "dependencies": [
            "aws_iam_role.db_node"
          ]
        }
      ]
    },
    {
      "mode": "managed",
      "type": "aws_iam_role_policy_attachment",
      "name": "sqs_access",
      "provider": "provider[\"registry.terraform.io/hashicorp/aws\"]",
      "instances": [
        {
          "schema_version": 0,
          "attributes": {
            "id": "ameyaDB-node-role-20260413222251843700000002",
            "policy_arn": "arn:aws:iam::aws:policy/AmazonSQSFullAccess",
            "role": "ameyaDB-node-role"
          },
          "sensitive_attributes": [],
          "identity_schema_version": 0,
          "private": "bnVsbA==",
          "dependencies": [
            "aws_iam_role.db_node"
          ]
        }
      ]
    },
    {
      "mode": "managed",
      "type": "aws_instance",
      "name": "bastion",
      "provider": "provider[\"registry.terraform.io/hashicorp/aws\"]",
      "instances": [
        {
          "schema_version": 1,
          "attributes": {
            "ami": "ami-0e10497160c48e829",
            "arn": "arn:aws:ec2:us-east-1:540799520398:instance/i-091903d448582c865",
            "associate_public_ip_address": true,
            "availability_zone": "us-east-1a",
            "capacity_reservation_specification": [
              {
                "capacity_reservation_preference": "open",
                "capacity_reservation_target": []
              }
            ],
            "cpu_core_count": 1,
            "cpu_options": [
              {
                "amd_sev_snp": "",
                "core_count": 1,
                "threads_per_core": 2
              }
            ],
            "cpu_threads_per_core": 2,
            "credit_specification": [
              {
                "cpu_credits": "unlimited"
              }
            ],
            "disable_api_stop": false,
            "disable_api_termination": false,
            "ebs_block_device": [],
            "ebs_optimized": false,
            "enable_primary_ipv6": null,
            "enclave_options": [
              {
                "enabled": false
              }
            ],
            "ephemeral_block_device": [],
            "get_password_data": false,
            "hibernation": false,
            "host_id": "",
            "host_resource_group_arn": null,
            "iam_instance_profile": "",
            "id": "i-091903d448582c865",
            "instance_initiated_shutdown_behavior": "stop",
            "instance_lifecycle": "",
            "instance_market_options": [],
            "instance_state": "running",
            "instance_type": "t3.micro",
            "ipv6_address_count": 0,
            "ipv6_addresses": [],
            "key_name": "ameyaDB-key",
            "launch_template": [],
            "maintenance_options": [
              {
                "auto_recovery": "default"
              }
            ],
            "metadata_options": [
              {
                "http_endpoint": "enabled",
                "http_protocol_ipv6": "disabled",
                "http_put_response_hop_limit": 1,
                "http_tokens": "optional",
                "instance_metadata_tags": "disabled"
              }
            ],
            "monitoring": false,
            "network_interface": [],
            "outpost_arn": "",
            "password_data": "",
            "placement_group": "",
            "placement_partition_number": 0,
            "primary_network_interface_id": "eni-06e642ef3c25360a4",
            "private_dns": "ip-10-0-100-109.ec2.internal",
            "private_dns_name_options": [
              {
                "enable_resource_name_dns_a_record": false,
                "enable_resource_name_dns_aaaa_record": false,
                "hostname_type": "ip-name"
              }
            ],
            "private_ip": "10.0.100.109",
            "public_dns": "ec2-44-213-134-222.compute-1.amazonaws.com",
            "public_ip": "44.213.134.222",
            "root_block_device": [
              {
                "delete_on_termination": true,
                "device_name": "/dev/xvda",
                "encrypted": false,
                "iops": 100,
                "kms_key_id": "",
                "tags": {},
                "tags_all": {},
                "throughput": 0,
                "volume_id": "vol-0a99ea3d8fb0ab6b5",
                "volume_size": 8,
                "volume_type": "gp2"
              }
            ],
            "secondary_private_ips": [],
            "security_groups": [],
            "source_dest_check": true,
            "spot_instance_request_id": "",
            "subnet_id": "subnet-07565a86e13c453b7",
            "tags": {
              "Name": "ameyaDB-bastion"
            },
            "tags_all": {
              "Name": "ameyaDB-bastion"
            },
            "tenancy": "default",
            "timeouts": null,
            "user_data": null,
            "user_data_base64": null,
            "user_data_replace_on_change": false,
            "volume_tags": null,
            "vpc_security_group_ids": [
              "sg-005eb11f2a0bd286b"
            ]
          },
          "sensitive_attributes": [],
          "identity_schema_version": 0,
          "private": "eyJlMmJmYjczMC1lY2FhLTExZTYtOGY4OC0zNDM2M2JjN2M0YzAiOnsiY3JlYXRlIjo2MDAwMDAwMDAwMDAsImRlbGV0ZSI6MTIwMDAwMDAwMDAwMCwicmVhZCI6OTAwMDAwMDAwMDAwLCJ1cGRhdGUiOjYwMDAwMDAwMDAwMH0sInNjaGVtYV92ZXJzaW9uIjoiMSJ9",
          "dependencies": [
            "aws_key_pair.ameyaDB",
            "aws_security_group.db_nodes",
            "aws_subnet.public",
            "aws_vpc.geochron"
          ]
        }
      ]
    },
    {
      "mode": "managed",
      "type": "aws_instance",
      "name": "db_node",
      "provider": "provider[\"registry.terraform.io/hashicorp/aws\"]",
      "instances": [
        {
          "index_key": 0,
          "schema_version": 1,
          "attributes": {
            "ami": "ami-0e10497160c48e829",
            "arn": "arn:aws:ec2:us-east-1:540799520398:instance/i-052e86b8c38b52c70",
            "associate_public_ip_address": false,
            "availability_zone": "us-east-1a",
            "capacity_reservation_specification": [
              {
                "capacity_reservation_preference": "open",
                "capacity_reservation_target": []
              }
            ],
            "cpu_core_count": 1,
            "cpu_options": [
              {
                "amd_sev_snp": "",
                "core_count": 1,
                "threads_per_core": 2
              }
            ],
            "cpu_threads_per_core": 2,
            "credit_specification": [
              {
                "cpu_credits": "unlimited"
              }
            ],
            "disable_api_stop": false,
            "disable_api_termination": false,
            "ebs_block_device": [],
            "ebs_optimized": false,
            "enable_primary_ipv6": null,
            "enclave_options": [
              {
                "enabled": false
              }
            ],
            "ephemeral_block_device": [],
            "get_password_data": false,
            "hibernation": false,
            "host_id": "",
            "host_resource_group_arn": null,
            "iam_instance_profile": "ameyaDB-node-profile",
            "id": "i-052e86b8c38b52c70",
            "instance_initiated_shutdown_behavior": "stop",
            "instance_lifecycle": "",
            "instance_market_options": [],
            "instance_state": "running",
            "instance_type": "t3.micro",
            "ipv6_address_count": 0,
            "ipv6_addresses": [],
            "key_name": "ameyaDB-key",
            "launch_template": [],
            "maintenance_options": [
              {
                "auto_recovery": "default"
              }
            ],
            "metadata_options": [
              {
                "http_endpoint": "enabled",
                "http_protocol_ipv6": "disabled",
                "http_put_response_hop_limit": 1,
                "http_tokens": "optional",
                "instance_metadata_tags": "disabled"
              }
            ],
            "monitoring": false,
            "network_interface": [],
            "outpost_arn": "",
            "password_data": "",
            "placement_group": "",
            "placement_partition_number": 0,
            "primary_network_interface_id": "eni-091023146c572e5f9",
            "private_dns": "ip-10-0-0-118.ec2.internal",
            "private_dns_name_options": [
              {
                "enable_resource_name_dns_a_record": false,
                "enable_resource_name_dns_aaaa_record": false,
                "hostname_type": "ip-name"
              }
            ],
            "private_ip": "10.0.0.118",
            "public_dns": "",
            "public_ip": "",
            "root_block_device": [
              {
                "delete_on_termination": true,
                "device_name": "/dev/xvda",
                "encrypted": false,
                "iops": 3000,
                "kms_key_id": "",
                "tags": {},
                "tags_all": {},
                "throughput": 125,
                "volume_id": "vol-006f986c067baf1c4",
                "volume_size": 20,
                "volume_type": "gp3"
              }
            ],
            "secondary_private_ips": [],
            "security_groups": [],
            "source_dest_check": true,
            "spot_instance_request_id": "",
            "subnet_id": "subnet-041b9ce7897e7f9df",
            "tags": {
              "Name": "ameyaDB-node-0"
            },
            "tags_all": {
              "Name": "ameyaDB-node-0"
            },
            "tenancy": "default",
            "timeouts": null,
            "user_data": null,
            "user_data_base64": null,
            "user_data_replace_on_change": false,
            "volume_tags": null,
            "vpc_security_group_ids": [
              "sg-005eb11f2a0bd286b"
            ]
          },
          "sensitive_attributes": [],
          "identity_schema_version": 0,
          "private": "eyJlMmJmYjczMC1lY2FhLTExZTYtOGY4OC0zNDM2M2JjN2M0YzAiOnsiY3JlYXRlIjo2MDAwMDAwMDAwMDAsImRlbGV0ZSI6MTIwMDAwMDAwMDAwMCwicmVhZCI6OTAwMDAwMDAwMDAwLCJ1cGRhdGUiOjYwMDAwMDAwMDAwMH0sInNjaGVtYV92ZXJzaW9uIjoiMSJ9",
          "dependencies": [
            "aws_iam_instance_profile.db_node",
            "aws_iam_role.db_node",
            "aws_key_pair.ameyaDB",
            "aws_security_group.db_nodes",
            "aws_subnet.private",
            "aws_vpc.geochron"
          ]
        },
        {
          "index_key": 1,
          "schema_version": 1,
          "attributes": {
            "ami": "ami-0e10497160c48e829",
            "arn": "arn:aws:ec2:us-east-1:540799520398:instance/i-098de87bf80309d51",
            "associate_public_ip_address": false,
            "availability_zone": "us-east-1b",
            "capacity_reservation_specification": [
              {
                "capacity_reservation_preference": "open",
                "capacity_reservation_target": []
              }
            ],
            "cpu_core_count": 1,
            "cpu_options": [
              {
                "amd_sev_snp": "",
                "core_count": 1,
                "threads_per_core": 2
              }
            ],
            "cpu_threads_per_core": 2,
            "credit_specification": [
              {
                "cpu_credits": "unlimited"
              }
            ],
            "disable_api_stop": false,
            "disable_api_termination": false,
            "ebs_block_device": [],
            "ebs_optimized": false,
            "enable_primary_ipv6": null,
            "enclave_options": [
              {
                "enabled": false
              }
            ],
            "ephemeral_block_device": [],
            "get_password_data": false,
            "hibernation": false,
            "host_id": "",
            "host_resource_group_arn": null,
            "iam_instance_profile": "ameyaDB-node-profile",
            "id": "i-098de87bf80309d51",
            "instance_initiated_shutdown_behavior": "stop",
            "instance_lifecycle": "",
            "instance_market_options": [],
            "instance_state": "running",
            "instance_type": "t3.micro",
            "ipv6_address_count": 0,
            "ipv6_addresses": [],
            "key_name": "ameyaDB-key",
            "launch_template": [],
            "maintenance_options": [
              {
                "auto_recovery": "default"
              }
            ],
            "metadata_options": [
              {
                "http_endpoint": "enabled",
                "http_protocol_ipv6": "disabled",
                "http_put_response_hop_limit": 1,
                "http_tokens": "optional",
                "instance_metadata_tags": "disabled"
              }
            ],
            "monitoring": false,
            "network_interface": [],
            "outpost_arn": "",
            "password_data": "",
            "placement_group": "",
            "placement_partition_number": 0,
            "primary_network_interface_id": "eni-070a0426dfcd8d301",
            "private_dns": "ip-10-0-1-40.ec2.internal",
            "private_dns_name_options": [
              {
                "enable_resource_name_dns_a_record": false,
                "enable_resource_name_dns_aaaa_record": false,
                "hostname_type": "ip-name"
              }
            ],
            "private_ip": "10.0.1.40",
            "public_dns": "",
            "public_ip": "",
            "root_block_device": [
              {
                "delete_on_termination": true,
                "device_name": "/dev/xvda",
                "encrypted": false,
                "iops": 3000,
                "kms_key_id": "",
                "tags": {},
                "tags_all": {},
                "throughput": 125,
                "volume_id": "vol-08ae75f393dcf039f",
                "volume_size": 20,
                "volume_type": "gp3"
              }
            ],
            "secondary_private_ips": [],
            "security_groups": [],
            "source_dest_check": true,
            "spot_instance_request_id": "",
            "subnet_id": "subnet-0cbb6ab75b01f807c",
            "tags": {
              "Name": "ameyaDB-node-1"
            },
            "tags_all": {
              "Name": "ameyaDB-node-1"
            },
            "tenancy": "default",
            "timeouts": null,
            "user_data": null,
            "user_data_base64": null,
            "user_data_replace_on_change": false,
            "volume_tags": null,
            "vpc_security_group_ids": [
              "sg-005eb11f2a0bd286b"
            ]
          },
          "sensitive_attributes": [],
          "identity_schema_version": 0,
          "private": "eyJlMmJmYjczMC1lY2FhLTExZTYtOGY4OC0zNDM2M2JjN2M0YzAiOnsiY3JlYXRlIjo2MDAwMDAwMDAwMDAsImRlbGV0ZSI6MTIwMDAwMDAwMDAwMCwicmVhZCI6OTAwMDAwMDAwMDAwLCJ1cGRhdGUiOjYwMDAwMDAwMDAwMH0sInNjaGVtYV92ZXJzaW9uIjoiMSJ9",
          "dependencies": [
            "aws_iam_instance_profile.db_node",
            "aws_iam_role.db_node",
            "aws_key_pair.ameyaDB",
            "aws_security_group.db_nodes",
            "aws_subnet.private",
            "aws_vpc.geochron"
          ]
        },
        {
          "index_key": 2,
          "schema_version": 1,
          "attributes": {
            "ami": "ami-0e10497160c48e829",
            "arn": "arn:aws:ec2:us-east-1:540799520398:instance/i-0c3eb42a18e2ae912",
            "associate_public_ip_address": false,
            "availability_zone": "us-east-1c",
            "capacity_reservation_specification": [
              {
                "capacity_reservation_preference": "open",
                "capacity_reservation_target": []
              }
            ],
            "cpu_core_count": 1,
            "cpu_options": [
              {
                "amd_sev_snp": "",
                "core_count": 1,
                "threads_per_core": 2
              }
            ],
            "cpu_threads_per_core": 2,
            "credit_specification": [
              {
                "cpu_credits": "unlimited"
              }
            ],
            "disable_api_stop": false,
            "disable_api_termination": false,
            "ebs_block_device": [],
            "ebs_optimized": false,
            "enable_primary_ipv6": null,
            "enclave_options": [
              {
                "enabled": false
              }
            ],
            "ephemeral_block_device": [],
            "get_password_data": false,
            "hibernation": false,
            "host_id": "",
            "host_resource_group_arn": null,
            "iam_instance_profile": "ameyaDB-node-profile",
            "id": "i-0c3eb42a18e2ae912",
            "instance_initiated_shutdown_behavior": "stop",
            "instance_lifecycle": "",
            "instance_market_options": [],
            "instance_state": "running",
            "instance_type": "t3.micro",
            "ipv6_address_count": 0,
            "ipv6_addresses": [],
            "key_name": "ameyaDB-key",
            "launch_template": [],
            "maintenance_options": [
              {
                "auto_recovery": "default"
              }
            ],
            "metadata_options": [
              {
                "http_endpoint": "enabled",
                "http_protocol_ipv6": "disabled",
                "http_put_response_hop_limit": 1,
                "http_tokens": "optional",
                "instance_metadata_tags": "disabled"
              }
            ],
            "monitoring": false,
            "network_interface": [],
            "outpost_arn": "",
            "password_data": "",
            "placement_group": "",
            "placement_partition_number": 0,
            "primary_network_interface_id": "eni-0c929b8fb3c03fb83",
            "private_dns": "ip-10-0-2-76.ec2.internal",
            "private_dns_name_options": [
              {
                "enable_resource_name_dns_a_record": false,
                "enable_resource_name_dns_aaaa_record": false,
                "hostname_type": "ip-name"
              }
            ],
            "private_ip": "10.0.2.76",
            "public_dns": "",
            "public_ip": "",
            "root_block_device": [
              {
                "delete_on_termination": true,
                "device_name": "/dev/xvda",
                "encrypted": false,
                "iops": 3000,
                "kms_key_id": "",
                "tags": {},
                "tags_all": {},
                "throughput": 125,
                "volume_id": "vol-0cf065b20cf7b74a1",
                "volume_size": 20,
                "volume_type": "gp3"
              }
            ],
            "secondary_private_ips": [],
            "security_groups": [],
            "source_dest_check": true,
            "spot_instance_request_id": "",
            "subnet_id": "subnet-06b03dd83bd9fe6d5",
            "tags": {
              "Name": "ameyaDB-node-2"
            },
            "tags_all": {
              "Name": "ameyaDB-node-2"
            },
            "tenancy": "default",
            "timeouts": null,
            "user_data": null,
            "user_data_base64": null,
            "user_data_replace_on_change": false,
            "volume_tags": null,
            "vpc_security_group_ids": [
              "sg-005eb11f2a0bd286b"
            ]
          },
          "sensitive_attributes": [],
          "identity_schema_version": 0,
          "private": "eyJlMmJmYjczMC1lY2FhLTExZTYtOGY4OC0zNDM2M2JjN2M0YzAiOnsiY3JlYXRlIjo2MDAwMDAwMDAwMDAsImRlbGV0ZSI6MTIwMDAwMDAwMDAwMCwicmVhZCI6OTAwMDAwMDAwMDAwLCJ1cGRhdGUiOjYwMDAwMDAwMDAwMH0sInNjaGVtYV92ZXJzaW9uIjoiMSJ9",
          "dependencies": [
            "aws_iam_instance_profile.db_node",
            "aws_iam_role.db_node",
            "aws_key_pair.ameyaDB",
            "aws_security_group.db_nodes",
            "aws_subnet.private",
            "aws_vpc.geochron"
          ]
        }
      ]
    },
    {
      "mode": "managed",
      "type": "aws_internet_gateway",
      "name": "geochron",
      "provider": "provider[\"registry.terraform.io/hashicorp/aws\"]",
      "instances": [
        {
          "schema_version": 0,
          "attributes": {
            "arn": "arn:aws:ec2:us-east-1:540799520398:internet-gateway/igw-056d9931d92b014eb",
            "id": "igw-056d9931d92b014eb",
            "owner_id": "540799520398",
            "tags": {
              "Name": "ameyaDB-igw"
            },
            "tags_all": {
              "Name": "ameyaDB-igw"
            },
            "timeouts": null,
            "vpc_id": "vpc-08c7f95445651a3af"
          },
          "sensitive_attributes": [],
          "identity_schema_version": 0,
          "private": "eyJlMmJmYjczMC1lY2FhLTExZTYtOGY4OC0zNDM2M2JjN2M0YzAiOnsiY3JlYXRlIjoxMjAwMDAwMDAwMDAwLCJkZWxldGUiOjEyMDAwMDAwMDAwMDAsInVwZGF0ZSI6MTIwMDAwMDAwMDAwMH19",
          "dependencies": [
            "aws_vpc.geochron"
          ]
        }
      ]
    },
    {
      "mode": "managed",
      "type": "aws_key_pair",
      "name": "ameyaDB",
      "provider": "provider[\"registry.terraform.io/hashicorp/aws\"]",
      "instances": [
        {
          "schema_version": 1,
          "attributes": {
            "arn": "arn:aws:ec2:us-east-1:540799520398:key-pair/ameyaDB-key",
            "fingerprint": "Rbfwqk5UqXGGBwh0OVjVelfQt3DBKK8eNPptOZl04F0=",
            "id": "ameyaDB-key",
            "key_name": "ameyaDB-key",
            "key_name_prefix": "",
            "key_pair_id": "key-0563c503c92c69ac6",
            "key_type": "ed25519",
            "public_key": "ssh-ed25519 AAAAC3NzaC1lZDI1NTE5AAAAIOkGJJVKgmq/pq9vpDk6GM6UYhbqMRzR4HC2Qew8xfE5 ameyamandhare@Mac.fios-router.home",
            "tags": {},
            "tags_all": {}
          },
          "sensitive_attributes": [],
          "identity_schema_version": 0,
          "private": "eyJzY2hlbWFfdmVyc2lvbiI6IjEifQ=="
        }
      ]
    },
    {
      "mode": "managed",
      "type": "aws_lb",
      "name": "internal",
      "provider": "provider[\"registry.terraform.io/hashicorp/aws\"]",
      "instances": [
        {
          "schema_version": 0,
          "attributes": {
            "access_logs": [
              {
                "bucket": "",
                "enabled": false,
                "prefix": ""
              }
            ],
            "arn": "arn:aws:elasticloadbalancing:us-east-1:540799520398:loadbalancer/net/ameyaDB-internal-nlb/3274cc9ff0753dd2",
            "arn_suffix": "net/ameyaDB-internal-nlb/3274cc9ff0753dd2",
            "client_keep_alive": null,
            "connection_logs": [],
            "customer_owned_ipv4_pool": "",
            "desync_mitigation_mode": null,
            "dns_name": "ameyaDB-internal-nlb-3274cc9ff0753dd2.elb.us-east-1.amazonaws.com",
            "dns_record_client_routing_policy": "any_availability_zone",
            "drop_invalid_header_fields": null,
            "enable_cross_zone_load_balancing": false,
            "enable_deletion_protection": false,
            "enable_http2": null,
            "enable_tls_version_and_cipher_suite_headers": null,
            "enable_waf_fail_open": null,
            "enable_xff_client_port": null,
            "enable_zonal_shift": false,
            "enforce_security_group_inbound_rules_on_private_link_traffic": "",
            "id": "arn:aws:elasticloadbalancing:us-east-1:540799520398:loadbalancer/net/ameyaDB-internal-nlb/3274cc9ff0753dd2",
            "idle_timeout": null,
            "internal": true,
            "ip_address_type": "ipv4",
            "ipam_pools": [],
            "load_balancer_type": "network",
            "minimum_load_balancer_capacity": [],
            "name": "ameyaDB-internal-nlb",
            "name_prefix": "",
            "preserve_host_header": null,
            "security_groups": [],
            "subnet_mapping": [
              {
                "allocation_id": "",
                "ipv6_address": "",
                "outpost_id": "",
                "private_ipv4_address": "",
                "subnet_id": "subnet-041b9ce7897e7f9df"
              },
              {
                "allocation_id": "",
                "ipv6_address": "",
                "outpost_id": "",
                "private_ipv4_address": "",
                "subnet_id": "subnet-06b03dd83bd9fe6d5"
              },
              {
                "allocation_id": "",
                "ipv6_address": "",
                "outpost_id": "",
                "private_ipv4_address": "",
                "subnet_id": "subnet-0cbb6ab75b01f807c"
              }
            ],
            "subnets": [
              "subnet-041b9ce7897e7f9df",
              "subnet-06b03dd83bd9fe6d5",
              "subnet-0cbb6ab75b01f807c"
            ],
            "tags": {
              "Name": "ameyaDB-internal-nlb"
            },
            "tags_all": {
              "Name": "ameyaDB-internal-nlb"
            },
            "timeouts": null,
            "vpc_id": "vpc-08c7f95445651a3af",
            "xff_header_processing_mode": null,
            "zone_id": "Z26RNL4JYFTOTI"
          },
          "sensitive_attributes": [],
          "identity_schema_version": 0,
          "private": "eyJlMmJmYjczMC1lY2FhLTExZTYtOGY4OC0zNDM2M2JjN2M0YzAiOnsiY3JlYXRlIjo2MDAwMDAwMDAwMDAsImRlbGV0ZSI6NjAwMDAwMDAwMDAwLCJ1cGRhdGUiOjYwMDAwMDAwMDAwMH0sInNjaGVtYV92ZXJzaW9uIjoiMCJ9"
        }
      ]
    },
    {
      "mode": "managed",
      "type": "aws_nat_gateway",
      "name": "geochron",
      "provider": "provider[\"registry.terraform.io/hashicorp/aws\"]",
      "instances": [
        {
          "status": "tainted",
          "schema_version": 0,
          "attributes": {
            "allocation_id": "eipalloc-0dcd970b1e66f65a7",
            "association_id": null,
            "connectivity_type": "public",
            "id": "nat-012955e816c4bda68",
            "network_interface_id": null,
            "private_ip": null,
            "public_ip": null,
            "secondary_allocation_ids": null,
            "secondary_private_ip_address_count": null,
            "secondary_private_ip_addresses": [],
            "subnet_id": "subnet-07565a86e13c453b7",
            "tags": {
              "Name": "ameyaDB-nat"
            },
            "tags_all": {
              "Name": "ameyaDB-nat"
            },
            "timeouts": null
          },
          "sensitive_attributes": [],
          "identity_schema_version": 0,
          "private": "eyJlMmJmYjczMC1lY2FhLTExZTYtOGY4OC0zNDM2M2JjN2M0YzAiOnsiY3JlYXRlIjo2MDAwMDAwMDAwMDAsImRlbGV0ZSI6MTgwMDAwMDAwMDAwMCwidXBkYXRlIjo2MDAwMDAwMDAwMDB9fQ==",
          "dependencies": [
            "aws_eip.nat",
            "aws_subnet.public",
            "aws_vpc.geochron"
          ]
        }
      ]
    },
    {
      "mode": "managed",
      "type": "aws_route53_zone",
      "name": "private",
      "provider": "provider[\"registry.terraform.io/hashicorp/aws\"]",
      "instances": [
        {
          "schema_version": 0,
          "attributes": {
            "arn": "arn:aws:route53:::hostedzone/Z03152843VDEX6F87QEPH",
            "comment": "Managed by Terraform",
            "delegation_set_id": "",
            "force_destroy": null,
            "id": "Z03152843VDEX6F87QEPH",
            "name": "ameyadb.internal",
            "name_servers": [
              "ns-0.awsdns-00.com.",
              "ns-1024.awsdns-00.org.",
              "ns-1536.awsdns-00.co.uk.",
              "ns-512.awsdns-00.net."
            ],
            "primary_name_server": "ns-0.awsdns-00.com.",
            "tags": {},
            "tags_all": {},
            "timeouts": null,
            "vpc": [
              {
                "vpc_id": "vpc-08c7f95445651a3af",
                "vpc_region": "us-east-1"
              }
            ],
            "zone_id": "Z03152843VDEX6F87QEPH"
          },
          "sensitive_attributes": [],
          "identity_schema_version": 0,
          "private": "eyJlMmJmYjczMC1lY2FhLTExZTYtOGY4OC0zNDM2M2JjN2M0YzAiOnsiY3JlYXRlIjoxODAwMDAwMDAwMDAwLCJkZWxldGUiOjE4MDAwMDAwMDAwMDAsInVwZGF0ZSI6MTgwMDAwMDAwMDAwMH0sInNjaGVtYV92ZXJzaW9uIjoiMCJ9"
        }
      ]
    },
    {
      "mode": "managed",
      "type": "aws_route_table",
      "name": "public",
      "provider": "provider[\"registry.terraform.io/hashicorp/aws\"]",
      "instances": [
        {
          "schema_version": 0,
          "attributes": {
            "arn": "arn:aws:ec2:us-east-1:540799520398:route-table/rtb-06f68d7aa5abb4c03",
            "id": "rtb-06f68d7aa5abb4c03",
            "owner_id": "540799520398",
            "propagating_vgws": [],
            "route": [
              {
                "carrier_gateway_id": "",
                "cidr_block": "0.0.0.0/0",
                "core_network_arn": "",
                "destination_prefix_list_id": "",
                "egress_only_gateway_id": "",
                "gateway_id": "igw-056d9931d92b014eb",
                "ipv6_cidr_block": "",
                "local_gateway_id": "",
                "nat_gateway_id": "",
                "network_interface_id": "",
                "transit_gateway_id": "",
                "vpc_endpoint_id": "",
                "vpc_peering_connection_id": ""
              }
            ],
            "tags": {
              "Name": "ameyaDB-public-rt"
            },
            "tags_all": {
              "Name": "ameyaDB-public-rt"
            },
            "timeouts": null,
            "vpc_id": "vpc-08c7f95445651a3af"
          },
          "sensitive_attributes": [],
          "identity_schema_version": 0,
          "private": "eyJlMmJmYjczMC1lY2FhLTExZTYtOGY4OC0zNDM2M2JjN2M0YzAiOnsiY3JlYXRlIjozMDAwMDAwMDAwMDAsImRlbGV0ZSI6MzAwMDAwMDAwMDAwLCJ1cGRhdGUiOjEyMDAwMDAwMDAwMH19",
          "dependencies": [
            "aws_internet_gateway.geochron",
            "aws_vpc.geochron"
          ]
        }
      ]
    },
    {
      "mode": "managed",
      "type": "aws_route_table_association",
      "name": "public",
      "provider": "provider[\"registry.terraform.io/hashicorp/aws\"]",
      "instances": [
        {
          "schema_version": 0,
          "attributes": {
            "gateway_id": "",
            "id": "rtbassoc-06535bf5e26ea8b87",
            "route_table_id": "rtb-06f68d7aa5abb4c03",
            "subnet_id": "subnet-07565a86e13c453b7",
            "timeouts": null
          },
          "sensitive_attributes": [],
          "identity_schema_version": 0,
          "private": "eyJlMmJmYjczMC1lY2FhLTExZTYtOGY4OC0zNDM2M2JjN2M0YzAiOnsiY3JlYXRlIjozMDAwMDAwMDAwMDAsImRlbGV0ZSI6MzAwMDAwMDAwMDAwLCJ1cGRhdGUiOjEyMDAwMDAwMDAwMH19",
          "dependencies": [
            "aws_internet_gateway.geochron",
            "aws_route_table.public",
            "aws_subnet.public",
            "aws_vpc.geochron"
          ]
        }
      ]
    },
    {
      "mode": "managed",
      "type": "aws_s3_bucket",
      "name": "ameyaDB",
      "provider": "provider[\"registry.terraform.io/hashicorp/aws\"]",
      "instances": [
        {
          "schema_version": 0,
          "attributes": {
            "acceleration_status": "",
            "acl": null,
            "arn": "arn:aws:s3:::ameyadb-storage-540799520398",
            "bucket": "ameyadb-storage-540799520398",
            "bucket_domain_name": "ameyadb-storage-540799520398.s3.amazonaws.com",
            "bucket_prefix": "",
            "bucket_regional_domain_name": "ameyadb-storage-540799520398.s3.us-east-1.amazonaws.com",
            "cors_rule": [],
            "force_destroy": true,
            "grant": [
              {
                "id": "07dc75942c38b55461afe5387e30e35a83e680d73cdb2e0dbf5add9dace79ac8",
                "permissions": [
                  "FULL_CONTROL"
                ],
                "type": "CanonicalUser",
                "uri": ""
              }
            ],
            "hosted_zone_id": "Z3AQBSTGFYJSTF",
            "id": "ameyadb-storage-540799520398",
            "lifecycle_rule": [],
            "logging": [],
            "object_lock_configuration": [],
            "object_lock_enabled": false,
            "policy": "",
            "region": "us-east-1",
            "replication_configuration": [],
            "request_payer": "BucketOwner",
            "server_side_encryption_configuration": [
              {
                "rule": [
                  {
                    "apply_server_side_encryption_by_default": [
                      {
                        "kms_master_key_id": "",
                        "sse_algorithm": "AES256"
                      }
                    ],
                    "bucket_key_enabled": false
                  }
                ]
              }
            ],
            "tags": {
              "Name": "ameyaDB-storage"
            },
            "tags_all": {
              "Name": "ameyaDB-storage"
            },
            "timeouts": null,
            "versioning": [
              {
                "enabled": false,
                "mfa_delete": false
              }
            ],
            "website": [],
            "website_domain": null,
            "website_endpoint": null
          },
          "sensitive_attributes": [],
          "identity_schema_version": 0,
          "private": "eyJlMmJmYjczMC1lY2FhLTExZTYtOGY4OC0zNDM2M2JjN2M0YzAiOnsiY3JlYXRlIjoxMjAwMDAwMDAwMDAwLCJkZWxldGUiOjM2MDAwMDAwMDAwMDAsInJlYWQiOjEyMDAwMDAwMDAwMDAsInVwZGF0ZSI6MTIwMDAwMDAwMDAwMH19",
          "dependencies": [
            "data.aws_caller_identity.current"
          ]
        }
      ]
    },
    {
      "mode": "managed",
      "type": "aws_security_group",
      "name": "db_nodes",
      "provider": "provider[\"registry.terraform.io/hashicorp/aws\"]",
      "instances": [
        {
          "schema_version": 1,
          "attributes": {
            "arn": "arn:aws:ec2:us-east-1:540799520398:security-group/sg-005eb11f2a0bd286b",
            "description": "Managed by Terraform",
            "egress": [
              {
                "cidr_blocks": [
                  "0.0.0.0/0"
                ],
                "description": "",
                "from_port": 0,
                "ipv6_cidr_blocks": [],
                "prefix_list_ids": [],
                "protocol": "-1",
                "security_groups": [],
                "self": false,
                "to_port": 0
              }
            ],
            "id": "sg-005eb11f2a0bd286b",
            "ingress": [
              {
                "cidr_blocks": [
                  "0.0.0.0/0"
                ],
                "description": "",
                "from_port": 22,
                "ipv6_cidr_blocks": [],
                "prefix_list_ids": [],
                "protocol": "tcp",
                "security_groups": [],
                "self": false,
                "to_port": 22
              },
              {
                "cidr_blocks": [
                  "10.0.0.0/16"
                ],
                "description": "",
                "from_port": 8080,
                "ipv6_cidr_blocks": [],
                "prefix_list_ids": [],
                "protocol": "tcp",
                "security_groups": [],
                "self": false,
                "to_port": 8080
              },
              {
                "cidr_blocks": [
                  "10.0.0.0/16"
                ],
                "description": "",
                "from_port": 8081,
                "ipv6_cidr_blocks": [],
                "prefix_list_ids": [],
                "protocol": "tcp",
                "security_groups": [],
                "self": false,
                "to_port": 8081
              }
            ],
            "name": "ameyaDB-nodes",
            "name_prefix": "",
            "owner_id": "540799520398",
            "revoke_rules_on_delete": false,
            "tags": {
              "Name": "ameyaDB-nodes-sg"
            },
            "tags_all": {
              "Name": "ameyaDB-nodes-sg"
            },
            "timeouts": null,
            "vpc_id": "vpc-08c7f95445651a3af"
          },
          "sensitive_attributes": [],
          "identity_schema_version": 0,
          "private": "eyJlMmJmYjczMC1lY2FhLTExZTYtOGY4OC0zNDM2M2JjN2M0YzAiOnsiY3JlYXRlIjo2MDAwMDAwMDAwMDAsImRlbGV0ZSI6OTAwMDAwMDAwMDAwfSwic2NoZW1hX3ZlcnNpb24iOiIxIn0=",
          "dependencies": [
            "aws_vpc.geochron"
          ]
        }
      ]
    },
    {
      "mode": "managed",
      "type": "aws_sqs_queue",
      "name": "replication",
      "provider": "provider[\"registry.terraform.io/hashicorp/aws\"]",
      "instances": [
        {
          "schema_version": 0,
          "attributes": {
            "arn": "arn:aws:sqs:us-east-1:540799520398:ameyaDB-replication",
            "content_based_deduplication": false,
            "deduplication_scope": "",
            "delay_seconds": 0,
            "fifo_queue": false,
            "fifo_throughput_limit": "",
            "id": "https://sqs.us-east-1.amazonaws.com/540799520398/ameyaDB-replication",
            "kms_data_key_reuse_period_seconds": 300,
            "kms_master_key_id": "",
            "max_message_size": 262144,
            "message_retention_seconds": 345600,
            "name": "ameyaDB-replication",
            "name_prefix": "",
            "policy": "",
            "receive_wait_time_seconds": 0,
            "redrive_allow_policy": "",
            "redrive_policy": "",
            "sqs_managed_sse_enabled": true,
            "tags": {
              "Name": "ameyaDB-replication"
            },
            "tags_all": {
              "Name": "ameyaDB-replication"
            },
            "timeouts": null,
            "url": "https://sqs.us-east-1.amazonaws.com/540799520398/ameyaDB-replication",
            "visibility_timeout_seconds": 30
          },
          "sensitive_attributes": [],
          "identity_schema_version": 0,
          "private": "eyJlMmJmYjczMC1lY2FhLTExZTYtOGY4OC0zNDM2M2JjN2M0YzAiOnsiY3JlYXRlIjoxODAwMDAwMDAwMDAsImRlbGV0ZSI6MTgwMDAwMDAwMDAwLCJ1cGRhdGUiOjE4MDAwMDAwMDAwMH19"
        }
      ]
    },
    {
      "mode": "managed",
      "type": "aws_subnet",
      "name": "private",
      "provider": "provider[\"registry.terraform.io/hashicorp/aws\"]",
      "instances": [
        {
          "index_key": 0,
          "schema_version": 1,
          "attributes": {
            "arn": "arn:aws:ec2:us-east-1:540799520398:subnet/subnet-041b9ce7897e7f9df",
            "assign_ipv6_address_on_creation": false,
            "availability_zone": "us-east-1a",
            "availability_zone_id": "use1-az1",
            "cidr_block": "10.0.0.0/24",
            "customer_owned_ipv4_pool": "",
            "enable_dns64": false,
            "enable_lni_at_device_index": 0,
            "enable_resource_name_dns_a_record_on_launch": false,
            "enable_resource_name_dns_aaaa_record_on_launch": false,
            "id": "subnet-041b9ce7897e7f9df",
            "ipv6_cidr_block": "",
            "ipv6_cidr_block_association_id": "",
            "ipv6_native": false,
            "map_customer_owned_ip_on_launch": false,
            "map_public_ip_on_launch": false,
            "outpost_arn": "",
            "owner_id": "540799520398",
            "private_dns_hostname_type_on_launch": "ip-name",
            "tags": {
              "Name": "ameyaDB-private-0"
            },
            "tags_all": {
              "Name": "ameyaDB-private-0"
            },
            "timeouts": null,
            "vpc_id": "vpc-08c7f95445651a3af"
          },
          "sensitive_attributes": [],
          "identity_schema_version": 0,
          "private": "eyJlMmJmYjczMC1lY2FhLTExZTYtOGY4OC0zNDM2M2JjN2M0YzAiOnsiY3JlYXRlIjo2MDAwMDAwMDAwMDAsImRlbGV0ZSI6MTIwMDAwMDAwMDAwMH0sInNjaGVtYV92ZXJzaW9uIjoiMSJ9",
          "dependencies": [
            "aws_vpc.geochron"
          ]
        },
        {
          "index_key": 1,
          "schema_version": 1,
          "attributes": {
            "arn": "arn:aws:ec2:us-east-1:540799520398:subnet/subnet-0cbb6ab75b01f807c",
            "assign_ipv6_address_on_creation": false,
            "availability_zone": "us-east-1b",
            "availability_zone_id": "use1-az2",
            "cidr_block": "10.0.1.0/24",
            "customer_owned_ipv4_pool": "",
            "enable_dns64": false,
            "enable_lni_at_device_index": 0,
            "enable_resource_name_dns_a_record_on_launch": false,
            "enable_resource_name_dns_aaaa_record_on_launch": false,
            "id": "subnet-0cbb6ab75b01f807c",
            "ipv6_cidr_block": "",
            "ipv6_cidr_block_association_id": "",
            "ipv6_native": false,
            "map_customer_owned_ip_on_launch": false,
            "map_public_ip_on_launch": false,
            "outpost_arn": "",
            "owner_id": "540799520398",
            "private_dns_hostname_type_on_launch": "ip-name",
            "tags": {
              "Name": "ameyaDB-private-1"
            },
            "tags_all": {
              "Name": "ameyaDB-private-1"
            },
            "timeouts": null,
            "vpc_id": "vpc-08c7f95445651a3af"
          },
          "sensitive_attributes": [],
          "identity_schema_version": 0,
          "private": "eyJlMmJmYjczMC1lY2FhLTExZTYtOGY4OC0zNDM2M2JjN2M0YzAiOnsiY3JlYXRlIjo2MDAwMDAwMDAwMDAsImRlbGV0ZSI6MTIwMDAwMDAwMDAwMH0sInNjaGVtYV92ZXJzaW9uIjoiMSJ9",
          "dependencies": [
            "aws_vpc.geochron"
          ]
        },
        {
          "index_key": 2,
          "schema_version": 1,
          "attributes": {
            "arn": "arn:aws:ec2:us-east-1:540799520398:subnet/subnet-06b03dd83bd9fe6d5",
            "assign_ipv6_address_on_creation": false,
            "availability_zone": "us-east-1c",
            "availability_zone_id": "use1-az4",
            "cidr_block": "10.0.2.0/24",
            "customer_owned_ipv4_pool": "",
            "enable_dns64": false,
            "enable_lni_at_device_index": 0,
            "enable_resource_name_dns_a_record_on_launch": false,
            "enable_resource_name_dns_aaaa_record_on_launch": false,
            "id": "subnet-06b03dd83bd9fe6d5",
            "ipv6_cidr_block": "",
            "ipv6_cidr_block_association_id": "",
            "ipv6_native": false,
            "map_customer_owned_ip_on_launch": false,
            "map_public_ip_on_launch": false,
            "outpost_arn": "",
            "owner_id": "540799520398",
            "private_dns_hostname_type_on_launch": "ip-name",
            "tags": {
              "Name": "ameyaDB-private-2"
            },
            "tags_all": {
              "Name": "ameyaDB-private-2"
            },
            "timeouts": null,
            "vpc_id": "vpc-08c7f95445651a3af"
          },
          "sensitive_attributes": [],
          "identity_schema_version": 0,
          "private": "eyJlMmJmYjczMC1lY2FhLTExZTYtOGY4OC0zNDM2M2JjN2M0YzAiOnsiY3JlYXRlIjo2MDAwMDAwMDAwMDAsImRlbGV0ZSI6MTIwMDAwMDAwMDAwMH0sInNjaGVtYV92ZXJzaW9uIjoiMSJ9",
          "dependencies": [
            "aws_vpc.geochron"
          ]
        }
      ]
    },
    {
      "mode": "managed",
      "type": "aws_subnet",
      "name": "public",
      "provider": "provider[\"registry.terraform.io/hashicorp/aws\"]",
      "instances": [
        {
          "schema_version": 1,
          "attributes": {
            "arn": "arn:aws:ec2:us-east-1:540799520398:subnet/subnet-07565a86e13c453b7",
            "assign_ipv6_address_on_creation": false,
            "availability_zone": "us-east-1a",
            "availability_zone_id": "use1-az1",
            "cidr_block": "10.0.100.0/24",
            "customer_owned_ipv4_pool": "",
            "enable_dns64": false,
            "enable_lni_at_device_index": 0,
            "enable_resource_name_dns_a_record_on_launch": false,
            "enable_resource_name_dns_aaaa_record_on_launch": false,
            "id": "subnet-07565a86e13c453b7",
            "ipv6_cidr_block": "",
            "ipv6_cidr_block_association_id": "",
            "ipv6_native": false,
            "map_customer_owned_ip_on_launch": false,
            "map_public_ip_on_launch": true,
            "outpost_arn": "",
            "owner_id": "540799520398",
            "private_dns_hostname_type_on_launch": "ip-name",
            "tags": {
              "Name": "ameyaDB-public"
            },
            "tags_all": {
              "Name": "ameyaDB-public"
            },
            "timeouts": null,
            "vpc_id": "vpc-08c7f95445651a3af"
          },
          "sensitive_attributes": [],
          "identity_schema_version": 0,
          "private": "eyJlMmJmYjczMC1lY2FhLTExZTYtOGY4OC0zNDM2M2JjN2M0YzAiOnsiY3JlYXRlIjo2MDAwMDAwMDAwMDAsImRlbGV0ZSI6MTIwMDAwMDAwMDAwMH0sInNjaGVtYV92ZXJzaW9uIjoiMSJ9",
          "dependencies": [
            "aws_vpc.geochron"
          ]
        }
      ]
    },
    {
      "mode": "managed",
      "type": "aws_vpc",
      "name": "geochron",
      "provider": "provider[\"registry.terraform.io/hashicorp/aws\"]",
      "instances": [
        {
          "schema_version": 1,
          "attributes": {
            "arn": "arn:aws:ec2:us-east-1:540799520398:vpc/vpc-08c7f95445651a3af",
            "assign_generated_ipv6_cidr_block": false,
            "cidr_block": "10.0.0.0/16",
            "default_network_acl_id": "acl-041e132f35a32f4e9",
            "default_route_table_id": "rtb-0989554e93c4ecda6",
            "default_security_group_id": "sg-04a72a0db767737ff",
            "dhcp_options_id": "dopt-02fdf07e13cef04fb",
            "enable_dns_hostnames": true,
            "enable_dns_support": true,
            "enable_network_address_usage_metrics": false,
            "id": "vpc-08c7f95445651a3af",
            "instance_tenancy": "default",
            "ipv4_ipam_pool_id": null,
            "ipv4_netmask_length": null,
            "ipv6_association_id": "",
            "ipv6_cidr_block": "",
            "ipv6_cidr_block_network_border_group": "",
            "ipv6_ipam_pool_id": "",
            "ipv6_netmask_length": 0,
            "main_route_table_id": "rtb-0989554e93c4ecda6",
            "owner_id": "540799520398",
            "tags": {
              "Name": "ameyaDB-vpc"
            },
            "tags_all": {
              "Name": "ameyaDB-vpc"
            }
          },
          "sensitive_attributes": [],
          "identity_schema_version": 0,
          "private": "eyJzY2hlbWFfdmVyc2lvbiI6IjEifQ=="
        }
      ]
    }
  ],
  "check_results": null
}
